# THIS IS AN AUTOGENERATED FILE. DO NOT EDIT THIS FILE DIRECTLY.
# yarn lockfile v1


bs-platform@^1.5.0:
  version "1.5.0"
  resolved "https://registry.yarnpkg.com/bs-platform/-/bs-platform-1.5.0.tgz#5194771866934e5060473ee18d52a0fb9b1f69be"

reason-js@^0.0.16:
  version "0.0.16"
  resolved "https://registry.yarnpkg.com/reason-js/-/reason-js-0.0.16.tgz#1ac01f78b38fb6bfbb90d38bcd07c72a1b4e9236"
